// !$*UTF8*$!
{
	archiveVersion = 1;
	classes = {
	};
	objectVersion = 46;
	objects = {

/* Begin PBXBuildFile section */
		C59943E81E42261A00544FFA /* ArchiveData.cpp in Sources */ = {isa = PBXBuildFile; fileRef = C59943DD1E42261A00544FFA /* ArchiveData.cpp */; };
		C59943EA1E42261A00544FFA /* FileLoaderStream.cpp in Sources */ = {isa = PBXBuildFile; fileRef = C59943DF1E42261A00544FFA /* FileLoaderStream.cpp */; };
		C59943EC1E42261A00544FFA /* LoaderUtil.cpp in Sources */ = {isa = PBXBuildFile; fileRef = C59943E11E42261A00544FFA /* LoaderUtil.cpp */; };
		C59943EE1E42261A00544FFA /* MemoryBuffer.cpp in Sources */ = {isa = PBXBuildFile; fileRef = C59943E31E42261A00544FFA /* MemoryBuffer.cpp */; };
		C59943F01E42261A00544FFA /* PluginMain.cpp in Sources */ = {isa = PBXBuildFile; fileRef = C59943E51E42261A00544FFA /* PluginMain.cpp */; };
		C59943F11E42261A00544FFA /* TextureLoader.cpp in Sources */ = {isa = PBXBuildFile; fileRef = C59943E61E42261A00544FFA /* TextureLoader.cpp */; };
		C59943F51E42264A00544FFA /* lz4.c in Sources */ = {isa = PBXBuildFile; fileRef = C59943F31E42264A00544FFA /* lz4.c */; };
		C5B4C1BD1E4A315F00EA2353 /* libNativeLoader.a in CopyFiles */ = {isa = PBXBuildFile; fileRef = C59943D11E4225F300544FFA /* libNativeLoader.a */; };
/* End PBXBuildFile section */

/* Begin PBXCopyFilesBuildPhase section */
		C59943CF1E4225F300544FFA /* CopyFiles */ = {
			isa = PBXCopyFilesBuildPhase;
			buildActionMask = 12;
			dstPath = "lib/$(PRODUCT_NAME)";
			dstSubfolderSpec = 16;
			files = (
				C5B4C1BD1E4A315F00EA2353 /* libNativeLoader.a in CopyFiles */,
			);
			runOnlyForDeploymentPostprocessing = 0;
		};
/* End PBXCopyFilesBuildPhase section */

/* Begin PBXFileReference section */
		C59943D11E4225F300544FFA /* libNativeLoader.a */ = {isa = PBXFileReference; explicitFileType = archive.ar; includeInIndex = 0; path = libNativeLoader.a; sourceTree = BUILT_PRODUCTS_DIR; };
		C59943DD1E42261A00544FFA /* ArchiveData.cpp */ = {isa = PBXFileReference; lastKnownFileType = sourcecode.cpp.cpp; name = ArchiveData.cpp; path = ../../src/ArchiveData.cpp; sourceTree = "<group>"; };
		C59943DE1E42261A00544FFA /* ArchiveData.h */ = {isa = PBXFileReference; lastKnownFileType = sourcecode.c.h; name = ArchiveData.h; path = ../../src/ArchiveData.h; sourceTree = "<group>"; };
		C59943DF1E42261A00544FFA /* FileLoaderStream.cpp */ = {isa = PBXFileReference; lastKnownFileType = sourcecode.cpp.cpp; name = FileLoaderStream.cpp; path = ../../src/FileLoaderStream.cpp; sourceTree = "<group>"; };
		C59943E01E42261A00544FFA /* FileLoaderStream.h */ = {isa = PBXFileReference; lastKnownFileType = sourcecode.c.h; name = FileLoaderStream.h; path = ../../src/FileLoaderStream.h; sourceTree = "<group>"; };
		C59943E11E42261A00544FFA /* LoaderUtil.cpp */ = {isa = PBXFileReference; lastKnownFileType = sourcecode.cpp.cpp; name = LoaderUtil.cpp; path = ../../src/LoaderUtil.cpp; sourceTree = "<group>"; };
		C59943E21E42261A00544FFA /* LoaderUtil.h */ = {isa = PBXFileReference; lastKnownFileType = sourcecode.c.h; name = LoaderUtil.h; path = ../../src/LoaderUtil.h; sourceTree = "<group>"; };
		C59943E31E42261A00544FFA /* MemoryBuffer.cpp */ = {isa = PBXFileReference; lastKnownFileType = sourcecode.cpp.cpp; name = MemoryBuffer.cpp; path = ../../src/MemoryBuffer.cpp; sourceTree = "<group>"; };
		C59943E41E42261A00544FFA /* MemoryBuffer.h */ = {isa = PBXFileReference; lastKnownFileType = sourcecode.c.h; name = MemoryBuffer.h; path = ../../src/MemoryBuffer.h; sourceTree = "<group>"; };
		C59943E51E42261A00544FFA /* PluginMain.cpp */ = {isa = PBXFileReference; lastKnownFileType = sourcecode.cpp.cpp; name = PluginMain.cpp; path = ../../src/PluginMain.cpp; sourceTree = "<group>"; };
		C59943E61E42261A00544FFA /* TextureLoader.cpp */ = {isa = PBXFileReference; lastKnownFileType = sourcecode.cpp.cpp; name = TextureLoader.cpp; path = ../../src/TextureLoader.cpp; sourceTree = "<group>"; };
		C59943E71E42261A00544FFA /* TextureLoader.h */ = {isa = PBXFileReference; lastKnownFileType = sourcecode.c.h; name = TextureLoader.h; path = ../../src/TextureLoader.h; sourceTree = "<group>"; };
		C59943F31E42264A00544FFA /* lz4.c */ = {isa = PBXFileReference; lastKnownFileType = sourcecode.c.c; name = lz4.c; path = ../../src/3rd_party/lz4/lz4.c; sourceTree = "<group>"; };
		C59943F41E42264A00544FFA /* lz4.h */ = {isa = PBXFileReference; lastKnownFileType = sourcecode.c.h; name = lz4.h; path = ../../src/3rd_party/lz4/lz4.h; sourceTree = "<group>"; };
/* End PBXFileReference section */

/* Begin PBXFrameworksBuildPhase section */
		C59943CE1E4225F300544FFA /* Frameworks */ = {
			isa = PBXFrameworksBuildPhase;
			buildActionMask = 2147483647;
			files = (
			);
			runOnlyForDeploymentPostprocessing = 0;
		};
/* End PBXFrameworksBuildPhase section */

/* Begin PBXGroup section */
		C59943C81E4225F300544FFA = {
			isa = PBXGroup;
			children = (
				C59943F31E42264A00544FFA /* lz4.c */,
				C59943F41E42264A00544FFA /* lz4.h */,
				C59943DD1E42261A00544FFA /* ArchiveData.cpp */,
				C59943DE1E42261A00544FFA /* ArchiveData.h */,
				C59943DF1E42261A00544FFA /* FileLoaderStream.cpp */,
				C59943E01E42261A00544FFA /* FileLoaderStream.h */,
				C59943E11E42261A00544FFA /* LoaderUtil.cpp */,
				C59943E21E42261A00544FFA /* LoaderUtil.h */,
				C59943E31E42261A00544FFA /* MemoryBuffer.cpp */,
				C59943E41E42261A00544FFA /* MemoryBuffer.h */,
				C59943E51E42261A00544FFA /* PluginMain.cpp */,
				C59943E61E42261A00544FFA /* TextureLoader.cpp */,
				C59943E71E42261A00544FFA /* TextureLoader.h */,
				C59943D31E4225F300544FFA /* NativeLoader */,
				C59943D21E4225F300544FFA /* Products */,
			);
			sourceTree = "<group>";
		};
		C59943D21E4225F300544FFA /* Products */ = {
			isa = PBXGroup;
			children = (
				C59943D11E4225F300544FFA /* libNativeLoader.a */,
			);
			name = Products;
			sourceTree = "<group>";
		};
		C59943D31E4225F300544FFA /* NativeLoader */ = {
			isa = PBXGroup;
			children = (
			);
			path = NativeLoader;
			sourceTree = "<group>";
		};
/* End PBXGroup section */

/* Begin PBXNativeTarget section */
		C59943D01E4225F300544FFA /* NativeLoader */ = {
			isa = PBXNativeTarget;
			buildConfigurationList = C59943DA1E4225F300544FFA /* Build configuration list for PBXNativeTarget "NativeLoader" */;
			buildPhases = (
				C59943CD1E4225F300544FFA /* Sources */,
				C59943CE1E4225F300544FFA /* Frameworks */,
				C59943CF1E4225F300544FFA /* CopyFiles */,
			);
			buildRules = (
			);
			dependencies = (
			);
			name = NativeLoader;
			productName = NativeLoader;
			productReference = C59943D11E4225F300544FFA /* libNativeLoader.a */;
			productType = "com.apple.product-type.library.static";
		};
/* End PBXNativeTarget section */

/* Begin PBXProject section */
		C59943C91E4225F300544FFA /* Project object */ = {
			isa = PBXProject;
			attributes = {
				LastUpgradeCheck = 0820;
				ORGANIZATIONNAME = YusukeKurokawa;
				TargetAttributes = {
					C59943D01E4225F300544FFA = {
						CreatedOnToolsVersion = 8.2.1;
						DevelopmentTeam = A8QB9X453U;
						ProvisioningStyle = Automatic;
					};
				};
			};
			buildConfigurationList = C59943CC1E4225F300544FFA /* Build configuration list for PBXProject "NativeLoader" */;
			compatibilityVersion = "Xcode 3.2";
			developmentRegion = English;
			hasScannedForEncodings = 0;
			knownRegions = (
				en,
			);
			mainGroup = C59943C81E4225F300544FFA;
			productRefGroup = C59943D21E4225F300544FFA /* Products */;
			projectDirPath = "";
			projectRoot = "";
			targets = (
				C59943D01E4225F300544FFA /* NativeLoader */,
			);
		};
/* End PBXProject section */

/* Begin PBXSourcesBuildPhase section */
		C59943CD1E4225F300544FFA /* Sources */ = {
			isa = PBXSourcesBuildPhase;
			buildActionMask = 2147483647;
			files = (
				C59943F51E42264A00544FFA /* lz4.c in Sources */,
				C59943E81E42261A00544FFA /* ArchiveData.cpp in Sources */,
				C59943EA1E42261A00544FFA /* FileLoaderStream.cpp in Sources */,
				C59943EC1E42261A00544FFA /* LoaderUtil.cpp in Sources */,
				C59943EE1E42261A00544FFA /* MemoryBuffer.cpp in Sources */,
				C59943F01E42261A00544FFA /* PluginMain.cpp in Sources */,
				C59943F11E42261A00544FFA /* TextureLoader.cpp in Sources */,
			);
			runOnlyForDeploymentPostprocessing = 0;
		};
/* End PBXSourcesBuildPhase section */

/* Begin XCBuildConfiguration section */
		C59943D81E4225F300544FFA /* Debug */ = {
			isa = XCBuildConfiguration;
			buildSettings = {
				ALWAYS_SEARCH_USER_PATHS = NO;
				CLANG_ANALYZER_NONNULL = YES;
				CLANG_CXX_LANGUAGE_STANDARD = "gnu++0x";
				CLANG_CXX_LIBRARY = "libc++";
				CLANG_ENABLE_MODULES = YES;
				CLANG_ENABLE_OBJC_ARC = YES;
				CLANG_WARN_BOOL_CONVERSION = YES;
				CLANG_WARN_CONSTANT_CONVERSION = YES;
				CLANG_WARN_DIRECT_OBJC_ISA_USAGE = YES_ERROR;
				CLANG_WARN_DOCUMENTATION_COMMENTS = YES;
				CLANG_WARN_EMPTY_BODY = YES;
				CLANG_WARN_ENUM_CONVERSION = YES;
				CLANG_WARN_INFINITE_RECURSION = YES;
				CLANG_WARN_INT_CONVERSION = YES;
				CLANG_WARN_OBJC_ROOT_CLASS = YES_ERROR;
				CLANG_WARN_SUSPICIOUS_MOVE = YES;
				CLANG_WARN_UNREACHABLE_CODE = YES;
				CLANG_WARN__DUPLICATE_METHOD_MATCH = YES;
				"CODE_SIGN_IDENTITY[sdk=iphoneos*]" = "iPhone Developer";
				COPY_PHASE_STRIP = NO;
				DEBUG_INFORMATION_FORMAT = dwarf;
				ENABLE_NS_ASSERTIONS = YES;
				ENABLE_STRICT_OBJC_MSGSEND = YES;
				ENABLE_TESTABILITY = YES;
				GCC_C_LANGUAGE_STANDARD = gnu99;
				GCC_DYNAMIC_NO_PIC = NO;
				GCC_NO_COMMON_BLOCKS = YES;
				GCC_OPTIMIZATION_LEVEL = 0;
				GCC_PREPROCESSOR_DEFINITIONS = (
					"DEBUG=1",
					"$(inherited)",
				);
				GCC_WARN_64_TO_32_BIT_CONVERSION = YES;
				GCC_WARN_ABOUT_RETURN_TYPE = YES_ERROR;
				GCC_WARN_UNDECLARED_SELECTOR = YES;
				GCC_WARN_UNINITIALIZED_AUTOS = YES_AGGRESSIVE;
				GCC_WARN_UNUSED_FUNCTION = YES;
				GCC_WARN_UNUSED_VARIABLE = YES;
				IPHONEOS_DEPLOYMENT_TARGET = 8.0;
				MTL_ENABLE_DEBUG_INFO = YES;
				ONLY_ACTIVE_ARCH = NO;
				SDKROOT = iphoneos;
			};
			name = Debug;
		};
		C59943D91E4225F300544FFA /* Release */ = {
			isa = XCBuildConfiguration;
			buildSettings = {
				ALWAYS_SEARCH_USER_PATHS = NO;
				CLANG_ANALYZER_NONNULL = YES;
				CLANG_CXX_LANGUAGE_STANDARD = "gnu++0x";
				CLANG_CXX_LIBRARY = "libc++";
				CLANG_ENABLE_MODULES = YES;
				CLANG_ENABLE_OBJC_ARC = YES;
				CLANG_WARN_BOOL_CONVERSION = YES;
				CLANG_WARN_CONSTANT_CONVERSION = YES;
				CLANG_WARN_DIRECT_OBJC_ISA_USAGE = YES_ERROR;
				CLANG_WARN_DOCUMENTATION_COMMENTS = YES;
				CLANG_WARN_EMPTY_BODY = YES;
				CLANG_WARN_ENUM_CONVERSION = YES;
				CLANG_WARN_INFINITE_RECURSION = YES;
				CLANG_WARN_INT_CONVERSION = YES;
				CLANG_WARN_OBJC_ROOT_CLASS = YES_ERROR;
				CLANG_WARN_SUSPICIOUS_MOVE = YES;
				CLANG_WARN_UNREACHABLE_CODE = YES;
				CLANG_WARN__DUPLICATE_METHOD_MATCH = YES;
				"CODE_SIGN_IDENTITY[sdk=iphoneos*]" = "iPhone Developer";
				COPY_PHASE_STRIP = NO;
				DEBUG_INFORMATION_FORMAT = dwarf;
				ENABLE_NS_ASSERTIONS = NO;
				ENABLE_STRICT_OBJC_MSGSEND = YES;
				GCC_C_LANGUAGE_STANDARD = gnu99;
				GCC_NO_COMMON_BLOCKS = YES;
				GCC_WARN_64_TO_32_BIT_CONVERSION = YES;
				GCC_WARN_ABOUT_RETURN_TYPE = YES_ERROR;
				GCC_WARN_UNDECLARED_SELECTOR = YES;
				GCC_WARN_UNINITIALIZED_AUTOS = YES_AGGRESSIVE;
				GCC_WARN_UNUSED_FUNCTION = YES;
				GCC_WARN_UNUSED_VARIABLE = YES;
				IPHONEOS_DEPLOYMENT_TARGET = 8.0;
				MTL_ENABLE_DEBUG_INFO = NO;
				ONLY_ACTIVE_ARCH = NO;
				SDKROOT = iphoneos;
				VALIDATE_PRODUCT = YES;
			};
			name = Release;
		};
		C59943DB1E4225F300544FFA /* Debug */ = {
			isa = XCBuildConfiguration;
			buildSettings = {
				DEVELOPMENT_TEAM = A8QB9X453U;
				GCC_PREPROCESSOR_DEFINITIONS = (
					"DEBUG=1",
					"$(inherited)",
					"UNITY_IOS=1",
				);
				ONLY_ACTIVE_ARCH = NO;
				OTHER_LDFLAGS = "-ObjC";
				PRODUCT_NAME = "$(TARGET_NAME)";
				SKIP_INSTALL = YES;
			};
			name = Debug;
		};
		C59943DC1E4225F300544FFA /* Release */ = {
			isa = XCBuildConfiguration;
			buildSettings = {
				DEVELOPMENT_TEAM = A8QB9X453U;
				GCC_PREPROCESSOR_DEFINITIONS = "UNITY_IOS=1";
				ONLY_ACTIVE_ARCH = YES;
				OTHER_LDFLAGS = "-ObjC";
				PRODUCT_NAME = "$(TARGET_NAME)";
				SKIP_INSTALL = YES;
			};
			name = Release;
		};
/* End XCBuildConfiguration section */

/* Begin XCConfigurationList section */
		C59943CC1E4225F300544FFA /* Build configuration list for PBXProject "NativeLoader" */ = {
			isa = XCConfigurationList;
			buildConfigurations = (
				C59943D81E4225F300544FFA /* Debug */,
				C59943D91E4225F300544FFA /* Release */,
			);
			defaultConfigurationIsVisible = 0;
			defaultConfigurationName = Release;
		};
		C59943DA1E4225F300544FFA /* Build configuration list for PBXNativeTarget "NativeLoader" */ = {
			isa = XCConfigurationList;
			buildConfigurations = (
				C59943DB1E4225F300544FFA /* Debug */,
				C59943DC1E4225F300544FFA /* Release */,
			);
			defaultConfigurationIsVisible = 0;
			defaultConfigurationName = Release;
		};
/* End XCConfigurationList section */
	};
	rootObject = C59943C91E4225F300544FFA /* Project object */;
}
